
Microsoft Visual Studio Solution File, Format Version 12.00
# Visual Studio Version 16
VisualStudioVersion = 16.0.29926.136
MinimumVisualStudioVersion = 10.0.40219.1
Project("{FAE04EC0-301F-11D3-BF4B-00C04F79EFBC}") = "TelphoneApp", "TelphoneApp\TelphoneApp.csproj", "{2DC13521-919A-4C38-97B2-2766CE094978}"
EndProject
Global
	GlobalSection(SolutionConfigurationPlatforms) = preSolution
		Debug|Any CPU = Debug|Any CPU
		Release|Any CPU = Release|Any CPU
	EndGlobalSection
	GlobalSection(ProjectConfigurationPlatforms) = postSolution
		{2DC13521-919A-4C38-97B2-2766CE094978}.Debug|Any CPU.ActiveCfg = Debug|Any CPU
		{2DC13521-919A-4C38-97B2-2766CE094978}.Debug|Any CPU.Build.0 = Debug|Any CPU
		{2DC13521-919A-4C38-97B2-2766CE094978}.Release|Any CPU.ActiveCfg = Release|Any CPU
		{2DC13521-919A-4C38-97B2-2766CE094978}.Release|Any CPU.Build.0 = Release|Any CPU
	EndGlobalSection
	GlobalSection(SolutionProperties) = preSolution
		HideSolutionNode = FALSE
	EndGlobalSection
	GlobalSection(ExtensibilityGlobals) = postSolution
		SolutionGuid = {53219FE2-B169-4C0E-977A-4369EE4F5A3C}
	EndGlobalSection
EndGlobal
